
Microsoft Visual Studio Solution File, Format Version 12.00
# Visual Studio Version 16
VisualStudioVersion = 16.0.30517.126
MinimumVisualStudioVersion = 10.0.40219.1
Project("{9A19103F-16F7-4668-BE54-9A1E7A4F7556}") = "Console", "Console\Console.csproj", "{0C1F89A0-4125-4899-BB41-C67A38CF0A90}"
EndProject
Project("{9A19103F-16F7-4668-BE54-9A1E7A4F7556}") = "Generator", "Generator\Generator.csproj", "{43CA5732-21E1-42A2-BD86-848B3EA2F98E}"
EndProject
Project("{9A19103F-16F7-4668-BE54-9A1E7A4F7556}") = "Tests", "Tests\Tests.csproj", "{C973467E-C3F9-4A34-8299-EF26852AC5C1}"
EndProject
Global
	GlobalSection(SolutionConfigurationPlatforms) = preSolution
		Debug|Any CPU = Debug|Any CPU
		Release|Any CPU = Release|Any CPU
	EndGlobalSection
	GlobalSection(ProjectConfigurationPlatforms) = postSolution
		{0C1F89A0-4125-4899-BB41-C67A38CF0A90}.Debug|Any CPU.ActiveCfg = Debug|Any CPU
		{0C1F89A0-4125-4899-BB41-C67A38CF0A90}.Debug|Any CPU.Build.0 = Debug|Any CPU
		{0C1F89A0-4125-4899-BB41-C67A38CF0A90}.Release|Any CPU.ActiveCfg = Release|Any CPU
		{0C1F89A0-4125-4899-BB41-C67A38CF0A90}.Release|Any CPU.Build.0 = Release|Any CPU
		{43CA5732-21E1-42A2-BD86-848B3EA2F98E}.Debug|Any CPU.ActiveCfg = Debug|Any CPU
		{43CA5732-21E1-42A2-BD86-848B3EA2F98E}.Debug|Any CPU.Build.0 = Debug|Any CPU
		{43CA5732-21E1-42A2-BD86-848B3EA2F98E}.Release|Any CPU.ActiveCfg = Release|Any CPU
		{43CA5732-21E1-42A2-BD86-848B3EA2F98E}.Release|Any CPU.Build.0 = Release|Any CPU
		{C973467E-C3F9-4A34-8299-EF26852AC5C1}.Debug|Any CPU.ActiveCfg = Debug|Any CPU
		{C973467E-C3F9-4A34-8299-EF26852AC5C1}.Debug|Any CPU.Build.0 = Debug|Any CPU
		{C973467E-C3F9-4A34-8299-EF26852AC5C1}.Release|Any CPU.ActiveCfg = Release|Any CPU
		{C973467E-C3F9-4A34-8299-EF26852AC5C1}.Release|Any CPU.Build.0 = Release|Any CPU
	EndGlobalSection
	GlobalSection(SolutionProperties) = preSolution
		HideSolutionNode = FALSE
	EndGlobalSection
	GlobalSection(ExtensibilityGlobals) = postSolution
		SolutionGuid = {1482E77C-9B3D-48F3-B29E-350C975E2C13}
	EndGlobalSection
EndGlobal
